<?xml version="1.0" encoding="UTF-8"?>
<!DOCTYPE plist PUBLIC "-//Apple//DTD PLIST 1.0//EN" "http://www.apple.com/DTDs/PropertyList-1.0.dtd">
<plist version="1.0">
<dict>
	<key>archiveVersion</key>
	<string>1</string>
	<key>classes</key>
	<dict/>
	<key>objectVersion</key>
	<string>54</string>
	<key>objects</key>
	<dict>
		<key>00E356F01AD99517003FC87E</key>
		<dict>
			<key>children</key>
			<array>
				<string>00E356F11AD99517003FC87E</string>
			</array>
			<key>isa</key>
			<string>PBXGroup</string>
			<key>name</key>
			<string>Supporting Files</string>
			<key>sourceTree</key>
			<string>&lt;group&gt;</string>
		</dict>
		<key>00E356F11AD99517003FC87E</key>
		<dict>
			<key>isa</key>
			<string>PBXFileReference</string>
			<key>lastKnownFileType</key>
			<string>text.plist.xml</string>
			<key>path</key>
			<string>Info.plist</string>
			<key>sourceTree</key>
			<string>&lt;group&gt;</string>
		</dict>
		<key>00E356F61AD99517003FC87E</key>
		<dict>
			<key>buildSettings</key>
			<dict>
				<key>BUNDLE_LOADER</key>
				<string>$(TEST_HOST)</string>
				<key>CODE_SIGN_IDENTITY</key>
				<string>Apple Development</string>
				<key>CODE_SIGN_STYLE</key>
				<string>Automatic</string>
				<key>DEVELOPMENT_TEAM</key>
				<string>56XUSZ74H5</string>
				<key>ENABLE_PREVIEWS</key>
				<string>YES</string>
				<key>GCC_PREPROCESSOR_DEFINITIONS</key>
				<array>
					<string>DEBUG=1</string>
					<string>$(inherited)</string>
				</array>
				<key>GENERATE_INFOPLIST_FILE</key>
				<string>YES</string>
				<key>INFOPLIST_KEY_CFBundleDisplayName</key>
				<string>HBTI 16型人格测试</string>
				<key>INFOPLIST_KEY_UIApplicationSceneManifest_Generation</key>
				<string>YES</string>
				<key>INFOPLIST_KEY_UILaunchScreen_Generation</key>
				<string>YES</string>
				<key>INFOPLIST_KEY_UISupportedInterfaceOrientations_iPhone</key>
				<string>UIInterfaceOrientationPortrait</string>
				<key>IPHONEOS_DEPLOYMENT_TARGET</key>
				<string>17.0</string>
				<key>LD_RUNPATH_SEARCH_PATHS</key>
				<array>
					<string>$(inherited)</string>
					<string>@executable_path/Frameworks</string>
					<string>@loader_path/Frameworks</string>
				</array>
				<key>OTHER_LDFLAGS</key>
				<array>
					<string>-ObjC</string>
					<string>-lc++</string>
					<string>$(inherited)</string>
				</array>
				<key>PRODUCT_BUNDLE_IDENTIFIER</key>
				<string>com.hcjworld.hbti</string>
				<key>PRODUCT_NAME</key>
				<string>HBTI</string>
				<key>PROVISIONING_PROFILE_SPECIFIER</key>
				<string></string>
				<key>SWIFT_EMIT_LOC_STRINGS</key>
				<string>YES</string>
				<key>SWIFT_VERSION</key>
				<string>5.0</string>
				<key>TARGETED_DEVICE_FAMILY</key>
				<string>1,2</string>
				<key>TEST_HOST</key>
				<string>$(BUILT_PRODUCTS_DIR)/MindShift.app/MindShift</string>
			</dict>
			<key>isa</key>
			<string>XCBuildConfiguration</string>
			<key>name</key>
			<string>Debug</string>
		</dict>
		<key>00E356F71AD99517003FC87E</key>
		<dict>
			<key>buildSettings</key>
			<dict>
				<key>BUNDLE_LOADER</key>
				<string>$(TEST_HOST)</string>
				<key>CODE_SIGN_IDENTITY</key>
				<string>Apple Development</string>
				<key>CODE_SIGN_STYLE</key>
				<string>Automatic</string>
				<key>COPY_PHASE_STRIP</key>
				<string>NO</string>
				<key>DEVELOPMENT_TEAM</key>
				<string>56XUSZ74H5</string>
				<key>ENABLE_PREVIEWS</key>
				<string>YES</string>
				<key>GENERATE_INFOPLIST_FILE</key>
				<string>YES</string>
				<key>INFOPLIST_KEY_CFBundleDisplayName</key>
				<string>HBTI 16型人格测试</string>
				<key>INFOPLIST_KEY_UIApplicationSceneManifest_Generation</key>
				<string>YES</string>
				<key>INFOPLIST_KEY_UILaunchScreen_Generation</key>
				<string>YES</string>
				<key>INFOPLIST_KEY_UISupportedInterfaceOrientations_iPhone</key>
				<string>UIInterfaceOrientationPortrait</string>
				<key>IPHONEOS_DEPLOYMENT_TARGET</key>
				<string>17.0</string>
				<key>LD_RUNPATH_SEARCH_PATHS</key>
				<array>
					<string>$(inherited)</string>
					<string>@executable_path/Frameworks</string>
					<string>@loader_path/Frameworks</string>
				</array>
				<key>OTHER_LDFLAGS</key>
				<array>
					<string>-ObjC</string>
					<string>-lc++</string>
					<string>$(inherited)</string>
				</array>
				<key>PRODUCT_BUNDLE_IDENTIFIER</key>
				<string>com.hcjworld.hbti</string>
				<key>PRODUCT_NAME</key>
				<string>HBTI</string>
				<key>PROVISIONING_PROFILE_SPECIFIER</key>
				<string></string>
				<key>SWIFT_EMIT_LOC_STRINGS</key>
				<string>YES</string>
				<key>SWIFT_VERSION</key>
				<string>5.0</string>
				<key>TARGETED_DEVICE_FAMILY</key>
				<string>1,2</string>
				<key>TEST_HOST</key>
				<string>$(BUILT_PRODUCTS_DIR)/MindShift.app/MindShift</string>
			</dict>
			<key>isa</key>
			<string>XCBuildConfiguration</string>
			<key>name</key>
			<string>Release</string>
		</dict>
		<key>00E357021AD99517003FC87E</key>
		<dict>
			<key>buildConfigurations</key>
			<array>
				<string>00E356F61AD99517003FC87E</string>
				<string>00E356F71AD99517003FC87E</string>
			</array>
			<key>defaultConfigurationIsVisible</key>
			<string>0</string>
			<key>defaultConfigurationName</key>
			<string>Release</string>
			<key>isa</key>
			<string>XCConfigurationList</string>
		</dict>
		<key>074EC6E28FFC4163ACDAAAB8</key>
		<dict>
			<key>isa</key>
			<string>PBXFileReference</string>
			<key>lastKnownFileType</key>
			<string>sourcecode.swift</string>
			<key>path</key>
			<string>HBTI/ViewModels/QuizViewModel.swift</string>
			<key>sourceTree</key>
			<string>SOURCE_ROOT</string>
		</dict>
		<key>09D6B97107F59E0B99548FBB</key>
		<dict>
			<key>fileRef</key>
			<string>63C112277C022E6F5F4A64B9</string>
			<key>isa</key>
			<string>PBXBuildFile</string>
		</dict>
		<key>0C15387C2E62443693E3EC82</key>
		<dict>
			<key>fileRef</key>
			<string>284D2C090EBE4D069EE74469</string>
			<key>isa</key>
			<string>PBXBuildFile</string>
		</dict>
		<key>0C80B921A6F3F58F76C31292</key>
		<dict>
			<key>fileRef</key>
			<string>5DCACB8F33CDC322A6C60F78</string>
			<key>isa</key>
			<string>PBXBuildFile</string>
		</dict>
		<key>13B07F861A680F5B00A75B9A</key>
		<dict>
			<key>buildConfigurationList</key>
			<string>13B07F931A680F5B00A75B9A</string>
			<key>buildPhases</key>
			<array>
				<string>13B07F871A680F5B00A75B9A</string>
				<string>13B07F8C1A680F5B00A75B9A</string>
				<string>13B07F8E1A680F5B00A75B9A</string>
			</array>
			<key>buildRules</key>
			<array/>
			<key>dependencies</key>
			<array/>
			<key>isa</key>
			<string>PBXNativeTarget</string>
			<key>name</key>
			<string>HBTI</string>
			<key>productName</key>
			<string>MindShift</string>
			<key>productReference</key>
			<string>13B07F961A680F5B00A75B9A</string>
			<key>productType</key>
			<string>com.apple.product-type.application</string>
		</dict>
		<key>13B07F871A680F5B00A75B9A</key>
		<dict>
			<key>buildActionMask</key>
			<string>2147483647</string>
			<key>files</key>
			<array>
				<string>13B07FBC1A68108700A75B9A</string>
				<string>13B07FC11A68108700A75B9A</string>
				<string>B99999B27AE1432BB30A1830</string>
				<string>3621D34CD1F0498489B6BC3B</string>
				<string>384175D316CC42B197D37A2F</string>
				<string>5F53ABC8C8BA4A9FB35ACEDF</string>
				<string>26D5B5B21F174179BC8FC89F</string>
				<string>989F571714E14837BB77193A</string>
				<string>C2A4376DB6C84007AD0FEE05</string>
				<string>BE1240548F0343FAB9F6D61D</string>
				<string>4AA10F83030446B3BCF489D5</string>
				<string>18CB86F3C8974387A4F9E759</string>
				<string>3E61965D68DA4065AC3A71EB</string>
				<string>D0AF1B9276F14B3C83A0EE16</string>
				<string>7AC199F12A624E8AB70B55FE</string>
				<string>50891C13DD3E41C98504131C</string>
				<string>CDE4EE6010554917B69F8C2D</string>
				<string>7F7CFFCD53944535899468C1</string>
				<string>66E2B9A435454F97A10A8D45</string>
				<string>2F02679AA8A047A580D99E9D</string>
				<string>0C15387C2E62443693E3EC82</string>
				<string>BA3DB728415947C587E42632</string>
				<string>A7FB7D192D6F4AEFA6B8B48E</string>
				<string>8008708CF94C4D0D8B0521E1</string>
				<string>B5BE3FE665FA44BAB8367B59</string>
			</array>
			<key>isa</key>
			<string>PBXSourcesBuildPhase</string>
			<key>runOnlyForDeploymentPostprocessing</key>
			<string>0</string>
		</dict>
		<key>13B07F8C1A680F5B00A75B9A</key>
		<dict>
			<key>buildActionMask</key>
			<string>2147483647</string>
			<key>files</key>
			<array>
				<string>0C80B921A6F3F58F76C31292</string>
			</array>
			<key>isa</key>
			<string>PBXFrameworksBuildPhase</string>
			<key>runOnlyForDeploymentPostprocessing</key>
			<string>0</string>
		</dict>
		<key>13B07F8E1A680F5B00A75B9A</key>
		<dict>
			<key>buildActionMask</key>
			<string>2147483647</string>
			<key>files</key>
			<array>
				<string>13B07FBF1A68108700A75B9A</string>
				<string>09D6B97107F59E0B99548FBB</string>
				<string>92F1DFE19D9C4422819C4A64</string>
				<string>2AAC3A9645C3446BBCB82F04</string>
				<string>1F0A0BA27FD04DF49F0DCD3B</string>
				<string>EFA780FD256D4E548A6712CE</string>
				<string>3EB28683EAA34DC4A0FEE45C</string>
				<string>9C8E75FC244043EDB2703246</string>
				<string>A9D3EE4401D1461191BD99A6</string>
				<string>1CC04CECCAED48E4B67DB488</string>
				<string>B91AE23FFC1645B28282014E</string>
				<string>6FB78469198446E3A1D02665</string>
				<string>E00C8647720F496A81D40B0E</string>
				<string>A83EDBFEEC0E434C83CA3A21</string>
				<string>B7C2AE640E084F46AD945DC7</string>
				<string>3EA258C4DAEB45C7A6D48EE7</string>
				<string>A7A0858C012A4CAEA06819F5</string>
				<string>F1C8259EFCB94C3DAF87482A</string>
				<string>E81090E1950A4EA38FD94C8A</string>
				<string>041CDEC502B24624AFF4F984</string>
				<string>1FF6D93755BC473BAA993F5F</string>
				<string>FBE1D8964E634136B60BD1A8</string>
				<string>804B847053BC4399A1B06803</string>
				<string>BA8E1DC8CDDB4CB59B0301FA</string>
				<string>F3FB54873E294ECB87821341</string>
				<string>1D99DBD4A13F42849B9CED99</string>
				<string>EE24647B8DE84194B07FA5CA</string>
				<string>BD9C8554ACC24794B6BCC752</string>
				<string>511BF6CDF0D648F1A75772B9</string>
				<string>D221FA428AC34AC98C026B99</string>
				<string>E058E4D94FD44575875F4ED3</string>
				<string>3E4BBBB104DE471E8D12DD92</string>
				<string>141C1B4BC4CC4A439ED9E08F</string>
				<string>1538D0AB3109470195EA1D29</string>
				<string>B81A02DD9BF34165A0B70D71</string>
				<string>A5ED580FCAC84E3CB7F4FFD4</string>
				<string>72BF5EE22939439598FF11B1</string>
				<string>99709F0E19A44F7D92E9930A</string>
				<string>773671779DCD44E199A049DD</string>
				<string>30AAD8EDBE6C4EDAA7EEAAB0</string>
				<string>2CD852AC6DDC49B082001DCA</string>
				<string>A12FC4F4131C4B1C8F22EEEA</string>
			</array>
			<key>isa</key>
			<string>PBXResourcesBuildPhase</string>
			<key>runOnlyForDeploymentPostprocessing</key>
			<string>0</string>
		</dict>
		<key>13B07F931A680F5B00A75B9A</key>
		<dict>
			<key>buildConfigurations</key>
			<array>
				<string>13B07F941A680F5B00A75B9A</string>
				<string>13B07F951A680F5B00A75B9A</string>
			</array>
			<key>defaultConfigurationIsVisible</key>
			<string>0</string>
			<key>defaultConfigurationName</key>
			<string>Release</string>
			<key>isa</key>
			<string>XCConfigurationList</string>
		</dict>
		<key>13B07F941A680F5B00A75B9A</key>
		<dict>
			<key>buildSettings</key>
			<dict>
				<key>ASSETCATALOG_COMPILER_APPICON_NAME</key>
				<string>AppIcon</string>
				<key>CLANG_ENABLE_MODULES</key>
				<string>YES</string>
				<key>CODE_SIGN_IDENTITY</key>
				<string>Apple Development</string>
				<key>CODE_SIGN_STYLE</key>
				<string>Automatic</string>
				<key>CURRENT_PROJECT_VERSION</key>
				<string>1</string>
				<key>DEVELOPMENT_TEAM</key>
				<string>56XUSZ74H5</string>
				<key>ENABLE_BITCODE</key>
				<string>NO</string>
				<key>ENABLE_PREVIEWS</key>
				<string>YES</string>
				<key>GENERATE_INFOPLIST_FILE</key>
				<string>YES</string>
				<key>INFOPLIST_KEY_CFBundleDisplayName</key>
				<string>HBTI 16型人格测试</string>
				<key>INFOPLIST_KEY_UIApplicationSceneManifest_Generation</key>
				<string>YES</string>
				<key>INFOPLIST_KEY_UILaunchScreen_Generation</key>
				<string>YES</string>
				<key>INFOPLIST_KEY_UISupportedInterfaceOrientations_iPhone</key>
				<string>UIInterfaceOrientationPortrait</string>
				<key>IPHONEOS_DEPLOYMENT_TARGET</key>
				<string>17.0</string>
				<key>LD_RUNPATH_SEARCH_PATHS</key>
				<array>
					<string>$(inherited)</string>
					<string>@executable_path/Frameworks</string>
				</array>
				<key>MARKETING_VERSION</key>
				<string>1.0</string>
				<key>OTHER_LDFLAGS</key>
				<array>
					<string>$(inherited)</string>
					<string>-ObjC</string>
					<string>-lc++</string>
				</array>
				<key>PRODUCT_BUNDLE_IDENTIFIER</key>
				<string>com.hcjworld.hbti</string>
				<key>PRODUCT_NAME</key>
				<string>HBTI</string>
				<key>PROVISIONING_PROFILE_SPECIFIER</key>
				<string></string>
				<key>SWIFT_EMIT_LOC_STRINGS</key>
				<string>YES</string>
				<key>SWIFT_OPTIMIZATION_LEVEL</key>
				<string>-Onone</string>
				<key>SWIFT_VERSION</key>
				<string>5.0</string>
				<key>TARGETED_DEVICE_FAMILY</key>
				<string>1,2</string>
				<key>VERSIONING_SYSTEM</key>
				<string>apple-generic</string>
			</dict>
			<key>isa</key>
			<string>XCBuildConfiguration</string>
			<key>name</key>
			<string>Debug</string>
		</dict>
		<key>13B07F951A680F5B00A75B9A</key>
		<dict>
			<key>buildSettings</key>
			<dict>
				<key>ASSETCATALOG_COMPILER_APPICON_NAME</key>
				<string>AppIcon</string>
				<key>CLANG_ENABLE_MODULES</key>
				<string>YES</string>
				<key>CODE_SIGN_IDENTITY</key>
				<string>Apple Development</string>
				<key>CODE_SIGN_STYLE</key>
				<string>Automatic</string>
				<key>CURRENT_PROJECT_VERSION</key>
				<string>1</string>
				<key>DEVELOPMENT_TEAM</key>
				<string>56XUSZ74H5</string>
				<key>ENABLE_PREVIEWS</key>
				<string>YES</string>
				<key>GENERATE_INFOPLIST_FILE</key>
				<string>YES</string>
				<key>INFOPLIST_KEY_CFBundleDisplayName</key>
				<string>HBTI 16型人格测试</string>
				<key>INFOPLIST_KEY_UIApplicationSceneManifest_Generation</key>
				<string>YES</string>
				<key>INFOPLIST_KEY_UILaunchScreen_Generation</key>
				<string>YES</string>
				<key>INFOPLIST_KEY_UISupportedInterfaceOrientations_iPhone</key>
				<string>UIInterfaceOrientationPortrait</string>
				<key>IPHONEOS_DEPLOYMENT_TARGET</key>
				<string>17.0</string>
				<key>LD_RUNPATH_SEARCH_PATHS</key>
				<array>
					<string>$(inherited)</string>
					<string>@executable_path/Frameworks</string>
				</array>
				<key>MARKETING_VERSION</key>
				<string>1.0</string>
				<key>OTHER_LDFLAGS</key>
				<array>
					<string>$(inherited)</string>
					<string>-ObjC</string>
					<string>-lc++</string>
				</array>
				<key>PRODUCT_BUNDLE_IDENTIFIER</key>
				<string>com.hcjworld.hbti</string>
				<key>PRODUCT_NAME</key>
				<string>HBTI</string>
				<key>PROVISIONING_PROFILE_SPECIFIER</key>
				<string></string>
				<key>SWIFT_EMIT_LOC_STRINGS</key>
				<string>YES</string>
				<key>SWIFT_VERSION</key>
				<string>5.0</string>
				<key>TARGETED_DEVICE_FAMILY</key>
				<string>1,2</string>
				<key>VERSIONING_SYSTEM</key>
				<string>apple-generic</string>
			</dict>
			<key>isa</key>
			<string>XCBuildConfiguration</string>
			<key>name</key>
			<string>Release</string>
		</dict>
		<key>13C5FAD8E9C74BD8927AAC55</key>
		<dict>
			<key>isa</key>
			<string>PBXFileReference</string>
			<key>lastKnownFileType</key>
			<string>sourcecode.swift</string>
			<key>path</key>
			<string>HBTI/Services/AnalyticsService.swift</string>
			<key>sourceTree</key>
			<string>SOURCE_ROOT</string>
		</dict>
		<key>15BEC2472A7B4B75A2114B97</key>
		<dict>
			<key>isa</key>
			<string>PBXFileReference</string>
			<key>lastKnownFileType</key>
			<string>sourcecode.swift</string>
			<key>path</key>
			<string>HBTI/Models/Question.swift</string>
			<key>sourceTree</key>
			<string>SOURCE_ROOT</string>
		</dict>
		<key>16D5104EA03143308D68DA9D</key>
		<dict>
			<key>isa</key>
			<string>PBXFileReference</string>
			<key>lastKnownFileType</key>
			<string>sourcecode.swift</string>
			<key>path</key>
			<string>HBTI/Utils/ColorPalette.swift</string>
			<key>sourceTree</key>
			<string>SOURCE_ROOT</string>
		</dict>
		<key>176364CBD99142F499E424A0</key>
		<dict>
			<key>isa</key>
			<string>PBXFileReference</string>
			<key>lastKnownFileType</key>
			<string>sourcecode.swift</string>
			<key>path</key>
			<string>HBTI/Services/StoreKitManager.swift</string>
			<key>sourceTree</key>
			<string>SOURCE_ROOT</string>
		</dict>
		<key>18794376A8D44A80AE5D17AE</key>
		<dict>
			<key>children</key>
			<array>
				<string>BD7660043EC8492395B0FC61</string>
				<string>351D375B5C854E258382B052</string>
				<string>E322F61C00EC485EA9E8C19E</string>
				<string>6170DC8F2E3546DDABEA8602</string>
				<string>15BEC2472A7B4B75A2114B97</string>
				<string>C6AABDB185CE4D389D098263</string>
				<string>BD97C24272E9482DAF0B4A67</string>
				<string>13C5FAD8E9C74BD8927AAC55</string>
				<string>7274FEB4142243F6980AD8B9</string>
				<string>EAC9D2C065574E33BE12E0E0</string>
				<string>70F59E1FB04A4C929BB63777</string>
				<string>176364CBD99142F499E424A0</string>
				<string>16D5104EA03143308D68DA9D</string>
				<string>074EC6E28FFC4163ACDAAAB8</string>
				<string>DA6490A5AFB34181AB3111B8</string>
				<string>2ADA5D8E543E4CEB8E0CC60D</string>
				<string>698DC997216844F0BDF7F31E</string>
				<string>D4FF13B3AFDA4F17ABDDC03C</string>
				<string>284D2C090EBE4D069EE74469</string>
				<string>4C0222DF20A74E8E8CBB8D9E</string>
				<string>79C4A4BAF0C3426DB5933455</string>
				<string>D6F8EE67F654477A91B7A2BC</string>
				<string>1F0977854DF64B9EA018F139</string>
			</array>
			<key>isa</key>
			<string>PBXGroup</string>
			<key>name</key>
			<string>Sources</string>
			<key>sourceTree</key>
			<string>&lt;group&gt;</string>
		</dict>
		<key>18CB86F3C8974387A4F9E759</key>
		<dict>
			<key>fileRef</key>
			<string>EAC9D2C065574E33BE12E0E0</string>
			<key>isa</key>
			<string>PBXBuildFile</string>
		</dict>
		<key>1F0977854DF64B9EA018F139</key>
		<dict>
			<key>isa</key>
			<string>PBXFileReference</string>
			<key>lastKnownFileType</key>
			<string>sourcecode.swift</string>
			<key>path</key>
			<string>HBTI/Views/WelcomeView.swift</string>
			<key>sourceTree</key>
			<string>SOURCE_ROOT</string>
		</dict>
		<key>26D5B5B21F174179BC8FC89F</key>
		<dict>
			<key>fileRef</key>
			<string>15BEC2472A7B4B75A2114B97</string>
			<key>isa</key>
			<string>PBXBuildFile</string>
		</dict>
		<key>284D2C090EBE4D069EE74469</key>
		<dict>
			<key>isa</key>
			<string>PBXFileReference</string>
			<key>lastKnownFileType</key>
			<string>sourcecode.swift</string>
			<key>path</key>
			<string>HBTI/Views/QuizView.swift</string>
			<key>sourceTree</key>
			<string>SOURCE_ROOT</string>
		</dict>
		<key>2ADA5D8E543E4CEB8E0CC60D</key>
		<dict>
			<key>isa</key>
			<string>PBXFileReference</string>
			<key>lastKnownFileType</key>
			<string>sourcecode.swift</string>
			<key>path</key>
			<string>HBTI/Views/PDFPreviewView.swift</string>
			<key>sourceTree</key>
			<string>SOURCE_ROOT</string>
		</dict>
		<key>2CD852AC6DDC49B082001DCA</key>
		<dict>
			<key>fileRef</key>
			<string>370034A8A8704DCEB05F304E</string>
			<key>isa</key>
			<string>PBXBuildFile</string>
		</dict>
		<key>2D16E6871FA4F8E400B85C8A</key>
		<dict>
			<key>children</key>
			<array>
				<string>ED297162215061F000B7C4FE</string>
			</array>
			<key>isa</key>
			<string>PBXGroup</string>
			<key>name</key>
			<string>Frameworks</string>
			<key>sourceTree</key>
			<string>&lt;group&gt;</string>
		</dict>
		<key>2F02679AA8A047A580D99E9D</key>
		<dict>
			<key>fileRef</key>
			<string>D4FF13B3AFDA4F17ABDDC03C</string>
			<key>isa</key>
			<string>PBXBuildFile</string>
		</dict>
		<key>30AAD8EDBE6C4EDAA7EEAAB0</key>
		<dict>
			<key>fileRef</key>
			<string>F2C100BBAFC54F62A0254BCC</string>
			<key>isa</key>
			<string>PBXBuildFile</string>
		</dict>
		<key>351D375B5C854E258382B052</key>
		<dict>
			<key>isa</key>
			<string>PBXFileReference</string>
			<key>lastKnownFileType</key>
			<string>sourcecode.swift</string>
			<key>path</key>
			<string>HBTI/Models/DimensionScore.swift</string>
			<key>sourceTree</key>
			<string>SOURCE_ROOT</string>
		</dict>
		<key>3621D34CD1F0498489B6BC3B</key>
		<dict>
			<key>fileRef</key>
			<string>351D375B5C854E258382B052</string>
			<key>isa</key>
			<string>PBXBuildFile</string>
		</dict>
		<key>370034A8A8704DCEB05F304E</key>
		<dict>
			<key>isa</key>
			<string>PBXFileReference</string>
			<key>lastKnownFileType</key>
			<string>text.json</string>
			<key>path</key>
			<string>HBTI/Resources/QuestionBanks/questions_48.json</string>
			<key>sourceTree</key>
			<string>SOURCE_ROOT</string>
		</dict>
		<key>384175D316CC42B197D37A2F</key>
		<dict>
			<key>fileRef</key>
			<string>E322F61C00EC485EA9E8C19E</string>
			<key>isa</key>
			<string>PBXBuildFile</string>
		</dict>
		<key>3E61965D68DA4065AC3A71EB</key>
		<dict>
			<key>fileRef</key>
			<string>70F59E1FB04A4C929BB63777</string>
			<key>isa</key>
			<string>PBXBuildFile</string>
		</dict>
		<key>4AA10F83030446B3BCF489D5</key>
		<dict>
			<key>fileRef</key>
			<string>7274FEB4142243F6980AD8B9</string>
			<key>isa</key>
			<string>PBXBuildFile</string>
		</dict>
		<key>4C0222DF20A74E8E8CBB8D9E</key>
		<dict>
			<key>isa</key>
			<string>PBXFileReference</string>
			<key>lastKnownFileType</key>
			<string>sourcecode.swift</string>
			<key>path</key>
			<string>HBTI/Views/ReportView.swift</string>
			<key>sourceTree</key>
			<string>SOURCE_ROOT</string>
		</dict>
		<key>50891C13DD3E41C98504131C</key>
		<dict>
			<key>fileRef</key>
			<string>074EC6E28FFC4163ACDAAAB8</string>
			<key>isa</key>
			<string>PBXBuildFile</string>
		</dict>
		<key>51CB6CF8192640A0B685FC0B</key>
		<dict>
			<key>children</key>
			<array>
				<string>F2C100BBAFC54F62A0254BCC</string>
				<string>370034A8A8704DCEB05F304E</string>
				<string>A237C51ECD48421EA8E8034D</string>
			</array>
			<key>isa</key>
			<string>PBXGroup</string>
			<key>name</key>
			<string>Resources</string>
			<key>sourceTree</key>
			<string>&lt;group&gt;</string>
		</dict>
		<key>5F53ABC8C8BA4A9FB35ACEDF</key>
		<dict>
			<key>fileRef</key>
			<string>6170DC8F2E3546DDABEA8602</string>
			<key>isa</key>
			<string>PBXBuildFile</string>
		</dict>
		<key>6170DC8F2E3546DDABEA8602</key>
		<dict>
			<key>isa</key>
			<string>PBXFileReference</string>
			<key>lastKnownFileType</key>
			<string>sourcecode.swift</string>
			<key>path</key>
			<string>HBTI/Models/PersonalityType.swift</string>
			<key>sourceTree</key>
			<string>SOURCE_ROOT</string>
		</dict>
		<key>66E2B9A435454F97A10A8D45</key>
		<dict>
			<key>fileRef</key>
			<string>698DC997216844F0BDF7F31E</string>
			<key>isa</key>
			<string>PBXBuildFile</string>
		</dict>
		<key>698DC997216844F0BDF7F31E</key>
		<dict>
			<key>isa</key>
			<string>PBXFileReference</string>
			<key>lastKnownFileType</key>
			<string>sourcecode.swift</string>
			<key>path</key>
			<string>HBTI/Views/PaywallView.swift</string>
			<key>sourceTree</key>
			<string>SOURCE_ROOT</string>
		</dict>
		<key>70F59E1FB04A4C929BB63777</key>
		<dict>
			<key>isa</key>
			<string>PBXFileReference</string>
			<key>lastKnownFileType</key>
			<string>sourcecode.swift</string>
			<key>path</key>
			<string>HBTI/Services/QuestionBankService.swift</string>
			<key>sourceTree</key>
			<string>SOURCE_ROOT</string>
		</dict>
		<key>7274FEB4142243F6980AD8B9</key>
		<dict>
			<key>isa</key>
			<string>PBXFileReference</string>
			<key>lastKnownFileType</key>
			<string>sourcecode.swift</string>
			<key>path</key>
			<string>HBTI/Services/PDFExportService.swift</string>
			<key>sourceTree</key>
			<string>SOURCE_ROOT</string>
		</dict>
		<key>79C4A4BAF0C3426DB5933455</key>
		<dict>
			<key>isa</key>
			<string>PBXFileReference</string>
			<key>lastKnownFileType</key>
			<string>sourcecode.swift</string>
			<key>path</key>
			<string>HBTI/Views/ResultView.swift</string>
			<key>sourceTree</key>
			<string>SOURCE_ROOT</string>
		</dict>
		<key>7AC199F12A624E8AB70B55FE</key>
		<dict>
			<key>fileRef</key>
			<string>16D5104EA03143308D68DA9D</string>
			<key>isa</key>
			<string>PBXBuildFile</string>
		</dict>
		<key>7F7CFFCD53944535899468C1</key>
		<dict>
			<key>fileRef</key>
			<string>2ADA5D8E543E4CEB8E0CC60D</string>
			<key>isa</key>
			<string>PBXBuildFile</string>
		</dict>
		<key>8008708CF94C4D0D8B0521E1</key>
		<dict>
			<key>fileRef</key>
			<string>D6F8EE67F654477A91B7A2BC</string>
			<key>isa</key>
			<string>PBXBuildFile</string>
		</dict>
		<key>832341AE1AAA6A7D00B99B32</key>
		<dict>
			<key>children</key>
			<array/>
			<key>isa</key>
			<string>PBXGroup</string>
			<key>name</key>
			<string>Libraries</string>
			<key>sourceTree</key>
			<string>&lt;group&gt;</string>
		</dict>
		<key>83CBB9F61A601CBA00E9B192</key>
		<dict>
			<key>children</key>
			<array>
				<string>832341AE1AAA6A7D00B99B32</string>
				<string>83CBBA001A601CBA00E9B192</string>
				<string>2D16E6871FA4F8E400B85C8A</string>
				<string>BBD78D7AC51CEA395F1C20DB</string>
				<string>A5746CFC2FF3E8D900052177</string>
			</array>
			<key>indentWidth</key>
			<string>2</string>
			<key>isa</key>
			<string>PBXGroup</string>
			<key>sourceTree</key>
			<string>&lt;group&gt;</string>
			<key>tabWidth</key>
			<string>2</string>
			<key>usesTabs</key>
			<string>0</string>
		</dict>
		<key>83CBB9F71A601CBA00E9B192</key>
		<dict>
			<key>attributes</key>
			<dict>
				<key>LastUpgradeCheck</key>
				<string>1210</string>
				<key>TargetAttributes</key>
				<dict>
					<key>00E356ED1AD99517003FC87E</key>
					<dict>
						<key>CreatedOnToolsVersion</key>
						<string>6.2</string>
						<key>TestTargetID</key>
						<string>13B07F861A680F5B00A75B9A</string>
					</dict>
					<key>13B07F861A680F5B00A75B9A</key>
					<dict>
						<key>LastSwiftMigration</key>
						<string>1120</string>
					</dict>
				</dict>
			</dict>
			<key>buildConfigurationList</key>
			<string>83CBB9FA1A601CBA00E9B192</string>
			<key>compatibilityVersion</key>
			<string>Xcode 12.0</string>
			<key>developmentRegion</key>
			<string>en</string>
			<key>hasScannedForEncodings</key>
			<string>0</string>
			<key>isa</key>
			<string>PBXProject</string>
			<key>knownRegions</key>
			<array>
				<string>en</string>
				<string>Base</string>
			</array>
			<key>mainGroup</key>
			<string>83CBB9F61A601CBA00E9B192</string>
			<key>productRefGroup</key>
			<string>83CBBA001A601CBA00E9B192</string>
			<key>projectDirPath</key>
			<string></string>
			<key>projectRoot</key>
			<string></string>
			<key>targets</key>
			<array>
				<string>13B07F861A680F5B00A75B9A</string>
			</array>
		</dict>
		<key>83CBB9FA1A601CBA00E9B192</key>
		<dict>
			<key>buildConfigurations</key>
			<array>
				<string>83CBBA201A601CBA00E9B192</string>
				<string>83CBBA211A601CBA00E9B192</string>
			</array>
			<key>defaultConfigurationIsVisible</key>
			<string>0</string>
			<key>defaultConfigurationName</key>
			<string>Release</string>
			<key>isa</key>
			<string>XCConfigurationList</string>
		</dict>
		<key>83CBBA001A601CBA00E9B192</key>
		<dict>
			<key>children</key>
			<array/>
			<key>isa</key>
			<string>PBXGroup</string>
			<key>name</key>
			<string>Products</string>
			<key>sourceTree</key>
			<string>&lt;group&gt;</string>
		</dict>
		<key>83CBBA201A601CBA00E9B192</key>
		<dict>
			<key>buildSettings</key>
			<dict>
				<key>ALWAYS_SEARCH_USER_PATHS</key>
				<string>NO</string>
				<key>CC</key>
				<string></string>
				<key>CLANG_ANALYZER_LOCALIZABILITY_NONLOCALIZED</key>
				<string>YES</string>
				<key>CLANG_CXX_LANGUAGE_STANDARD</key>
				<string>c++20</string>
				<key>CLANG_CXX_LIBRARY</key>
				<string>libc++</string>
				<key>CLANG_ENABLE_MODULES</key>
				<string>YES</string>
				<key>CLANG_ENABLE_OBJC_ARC</key>
				<string>YES</string>
				<key>CLANG_WARN_BLOCK_CAPTURE_AUTORELEASING</key>
				<string>YES</string>
				<key>CLANG_WARN_BOOL_CONVERSION</key>
				<string>YES</string>
				<key>CLANG_WARN_COMMA</key>
				<string>YES</string>
				<key>CLANG_WARN_CONSTANT_CONVERSION</key>
				<string>YES</string>
				<key>CLANG_WARN_DEPRECATED_OBJC_IMPLEMENTATIONS</key>
				<string>YES</string>
				<key>CLANG_WARN_DIRECT_OBJC_ISA_USAGE</key>
				<string>YES_ERROR</string>
				<key>CLANG_WARN_EMPTY_BODY</key>
				<string>YES</string>
				<key>CLANG_WARN_ENUM_CONVERSION</key>
				<string>YES</string>
				<key>CLANG_WARN_INFINITE_RECURSION</key>
				<string>YES</string>
				<key>CLANG_WARN_INT_CONVERSION</key>
				<string>YES</string>
				<key>CLANG_WARN_NON_LITERAL_NULL_CONVERSION</key>
				<string>YES</string>
				<key>CLANG_WARN_OBJC_IMPLICIT_RETAIN_SELF</key>
				<string>YES</string>
				<key>CLANG_WARN_OBJC_LITERAL_CONVERSION</key>
				<string>YES</string>
				<key>CLANG_WARN_OBJC_ROOT_CLASS</key>
				<string>YES_ERROR</string>
				<key>CLANG_WARN_QUOTED_INCLUDE_IN_FRAMEWORK_HEADER</key>
				<string>YES</string>
				<key>CLANG_WARN_RANGE_LOOP_ANALYSIS</key>
				<string>YES</string>
				<key>CLANG_WARN_STRICT_PROTOTYPES</key>
				<string>YES</string>
				<key>CLANG_WARN_SUSPICIOUS_MOVE</key>
				<string>YES</string>
				<key>CLANG_WARN_UNREACHABLE_CODE</key>
				<string>YES</string>
				<key>CLANG_WARN__DUPLICATE_METHOD_MATCH</key>
				<string>YES</string>
				<key>CODE_SIGN_IDENTITY</key>
				<string>Apple Development</string>
				<key>CODE_SIGN_IDENTITY[sdk=iphoneos*]</key>
				<string>iPhone Developer</string>
				<key>CODE_SIGN_STYLE</key>
				<string>Automatic</string>
				<key>COPY_PHASE_STRIP</key>
				<string>NO</string>
				<key>CXX</key>
				<string></string>
				<key>DEVELOPMENT_TEAM</key>
				<string>56XUSZ74H5</string>
				<key>ENABLE_PREVIEWS</key>
				<string>YES</string>
				<key>ENABLE_STRICT_OBJC_MSGSEND</key>
				<string>YES</string>
				<key>ENABLE_TESTABILITY</key>
				<string>YES</string>
				<key>EXCLUDED_ARCHS[sdk=iphonesimulator*]</key>
				<string></string>
				<key>GCC_C_LANGUAGE_STANDARD</key>
				<string>gnu99</string>
				<key>GCC_DYNAMIC_NO_PIC</key>
				<string>NO</string>
				<key>GCC_NO_COMMON_BLOCKS</key>
				<string>YES</string>
				<key>GCC_OPTIMIZATION_LEVEL</key>
				<string>0</string>
				<key>GCC_PREPROCESSOR_DEFINITIONS</key>
				<array>
					<string>DEBUG=1</string>
					<string>$(inherited)</string>
				</array>
				<key>GCC_SYMBOLS_PRIVATE_EXTERN</key>
				<string>NO</string>
				<key>GCC_WARN_64_TO_32_BIT_CONVERSION</key>
				<string>YES</string>
				<key>GCC_WARN_ABOUT_RETURN_TYPE</key>
				<string>YES_ERROR</string>
				<key>GCC_WARN_UNDECLARED_SELECTOR</key>
				<string>YES</string>
				<key>GCC_WARN_UNINITIALIZED_AUTOS</key>
				<string>YES_AGGRESSIVE</string>
				<key>GCC_WARN_UNUSED_FUNCTION</key>
				<string>YES</string>
				<key>GCC_WARN_UNUSED_VARIABLE</key>
				<string>YES</string>
				<key>GENERATE_INFOPLIST_FILE</key>
				<string>YES</string>
				<key>INFOPLIST_KEY_CFBundleDisplayName</key>
				<string>HBTI 16型人格测试</string>
				<key>INFOPLIST_KEY_UIApplicationSceneManifest_Generation</key>
				<string>YES</string>
				<key>INFOPLIST_KEY_UILaunchScreen_Generation</key>
				<string>YES</string>
				<key>INFOPLIST_KEY_UISupportedInterfaceOrientations_iPhone</key>
				<string>UIInterfaceOrientationPortrait</string>
				<key>IPHONEOS_DEPLOYMENT_TARGET</key>
				<string>17.0</string>
				<key>LD</key>
				<string></string>
				<key>LDPLUSPLUS</key>
				<string></string>
				<key>LD_RUNPATH_SEARCH_PATHS</key>
				<array>
					<string>/usr/lib/swift</string>
					<string>$(inherited)</string>
				</array>
				<key>LIBRARY_SEARCH_PATHS</key>
				<array>
					<string>"$(SDKROOT)/usr/lib/swift"</string>
					<string>"$(TOOLCHAIN_DIR)/usr/lib/swift/$(PLATFORM_NAME)"</string>
					<string>"$(inherited)"</string>
				</array>
				<key>MTL_ENABLE_DEBUG_INFO</key>
				<string>YES</string>
				<key>ONLY_ACTIVE_ARCH</key>
				<string>YES</string>
				<key>OTHER_CPLUSPLUSFLAGS</key>
				<array>
					<string>$(OTHER_CFLAGS)</string>
					<string>-DFOLLY_NO_CONFIG</string>
					<string>-DFOLLY_MOBILE=1</string>
					<string>-DFOLLY_USE_LIBCPP=1</string>
					<string>-DFOLLY_CFG_NO_COROUTINES=1</string>
					<string>-DFOLLY_HAVE_CLOCK_GETTIME=1</string>
				</array>
				<key>OTHER_LDFLAGS</key>
				<string>$(inherited)  </string>
				<key>PRODUCT_BUNDLE_IDENTIFIER</key>
				<string>com.hcjworld.hbti</string>
				<key>PRODUCT_NAME</key>
				<string>HBTI</string>
				<key>PROVISIONING_PROFILE_SPECIFIER</key>
				<string></string>
				<key>REACT_NATIVE_PATH</key>
				<string>${PODS_ROOT}/../../node_modules/react-native</string>
				<key>SDKROOT</key>
				<string>iphoneos</string>
				<key>SWIFT_EMIT_LOC_STRINGS</key>
				<string>YES</string>
				<key>SWIFT_VERSION</key>
				<string>5.0</string>
				<key>TARGETED_DEVICE_FAMILY</key>
				<string>1,2</string>
				<key>USE_HERMES</key>
				<string>false</string>
			</dict>
			<key>isa</key>
			<string>XCBuildConfiguration</string>
			<key>name</key>
			<string>Debug</string>
		</dict>
		<key>83CBBA211A601CBA00E9B192</key>
		<dict>
			<key>buildSettings</key>
			<dict>
				<key>ALWAYS_SEARCH_USER_PATHS</key>
				<string>NO</string>
				<key>CC</key>
				<string></string>
				<key>CLANG_ANALYZER_LOCALIZABILITY_NONLOCALIZED</key>
				<string>YES</string>
				<key>CLANG_CXX_LANGUAGE_STANDARD</key>
				<string>c++20</string>
				<key>CLANG_CXX_LIBRARY</key>
				<string>libc++</string>
				<key>CLANG_ENABLE_MODULES</key>
				<string>YES</string>
				<key>CLANG_ENABLE_OBJC_ARC</key>
				<string>YES</string>
				<key>CLANG_WARN_BLOCK_CAPTURE_AUTORELEASING</key>
				<string>YES</string>
				<key>CLANG_WARN_BOOL_CONVERSION</key>
				<string>YES</string>
				<key>CLANG_WARN_COMMA</key>
				<string>YES</string>
				<key>CLANG_WARN_CONSTANT_CONVERSION</key>
				<string>YES</string>
				<key>CLANG_WARN_DEPRECATED_OBJC_IMPLEMENTATIONS</key>
				<string>YES</string>
				<key>CLANG_WARN_DIRECT_OBJC_ISA_USAGE</key>
				<string>YES_ERROR</string>
				<key>CLANG_WARN_EMPTY_BODY</key>
				<string>YES</string>
				<key>CLANG_WARN_ENUM_CONVERSION</key>
				<string>YES</string>
				<key>CLANG_WARN_INFINITE_RECURSION</key>
				<string>YES</string>
				<key>CLANG_WARN_INT_CONVERSION</key>
				<string>YES</string>
				<key>CLANG_WARN_NON_LITERAL_NULL_CONVERSION</key>
				<string>YES</string>
				<key>CLANG_WARN_OBJC_IMPLICIT_RETAIN_SELF</key>
				<string>YES</string>
				<key>CLANG_WARN_OBJC_LITERAL_CONVERSION</key>
				<string>YES</string>
				<key>CLANG_WARN_OBJC_ROOT_CLASS</key>
				<string>YES_ERROR</string>
				<key>CLANG_WARN_QUOTED_INCLUDE_IN_FRAMEWORK_HEADER</key>
				<string>YES</string>
				<key>CLANG_WARN_RANGE_LOOP_ANALYSIS</key>
				<string>YES</string>
				<key>CLANG_WARN_STRICT_PROTOTYPES</key>
				<string>YES</string>
				<key>CLANG_WARN_SUSPICIOUS_MOVE</key>
				<string>YES</string>
				<key>CLANG_WARN_UNREACHABLE_CODE</key>
				<string>YES</string>
				<key>CLANG_WARN__DUPLICATE_METHOD_MATCH</key>
				<string>YES</string>
				<key>CODE_SIGN_IDENTITY</key>
				<string>Apple Development</string>
				<key>CODE_SIGN_IDENTITY[sdk=iphoneos*]</key>
				<string>iPhone Developer</string>
				<key>CODE_SIGN_STYLE</key>
				<string>Automatic</string>
				<key>COPY_PHASE_STRIP</key>
				<string>YES</string>
				<key>CXX</key>
				<string></string>
				<key>DEVELOPMENT_TEAM</key>
				<string>56XUSZ74H5</string>
				<key>ENABLE_NS_ASSERTIONS</key>
				<string>NO</string>
				<key>ENABLE_PREVIEWS</key>
				<string>YES</string>
				<key>ENABLE_STRICT_OBJC_MSGSEND</key>
				<string>YES</string>
				<key>EXCLUDED_ARCHS[sdk=iphonesimulator*]</key>
				<string></string>
				<key>GCC_C_LANGUAGE_STANDARD</key>
				<string>gnu99</string>
				<key>GCC_NO_COMMON_BLOCKS</key>
				<string>YES</string>
				<key>GCC_WARN_64_TO_32_BIT_CONVERSION</key>
				<string>YES</string>
				<key>GCC_WARN_ABOUT_RETURN_TYPE</key>
				<string>YES_ERROR</string>
				<key>GCC_WARN_UNDECLARED_SELECTOR</key>
				<string>YES</string>
				<key>GCC_WARN_UNINITIALIZED_AUTOS</key>
				<string>YES_AGGRESSIVE</string>
				<key>GCC_WARN_UNUSED_FUNCTION</key>
				<string>YES</string>
				<key>GCC_WARN_UNUSED_VARIABLE</key>
				<string>YES</string>
				<key>GENERATE_INFOPLIST_FILE</key>
				<string>YES</string>
				<key>INFOPLIST_KEY_CFBundleDisplayName</key>
				<string>HBTI 16型人格测试</string>
				<key>INFOPLIST_KEY_UIApplicationSceneManifest_Generation</key>
				<string>YES</string>
				<key>INFOPLIST_KEY_UILaunchScreen_Generation</key>
				<string>YES</string>
				<key>INFOPLIST_KEY_UISupportedInterfaceOrientations_iPhone</key>
				<string>UIInterfaceOrientationPortrait</string>
				<key>IPHONEOS_DEPLOYMENT_TARGET</key>
				<string>17.0</string>
				<key>LD</key>
				<string></string>
				<key>LDPLUSPLUS</key>
				<string></string>
				<key>LD_RUNPATH_SEARCH_PATHS</key>
				<array>
					<string>/usr/lib/swift</string>
					<string>$(inherited)</string>
				</array>
				<key>LIBRARY_SEARCH_PATHS</key>
				<array>
					<string>"$(SDKROOT)/usr/lib/swift"</string>
					<string>"$(TOOLCHAIN_DIR)/usr/lib/swift/$(PLATFORM_NAME)"</string>
					<string>"$(inherited)"</string>
				</array>
				<key>MTL_ENABLE_DEBUG_INFO</key>
				<string>NO</string>
				<key>OTHER_CPLUSPLUSFLAGS</key>
				<array>
					<string>$(OTHER_CFLAGS)</string>
					<string>-DFOLLY_NO_CONFIG</string>
					<string>-DFOLLY_MOBILE=1</string>
					<string>-DFOLLY_USE_LIBCPP=1</string>
					<string>-DFOLLY_CFG_NO_COROUTINES=1</string>
					<string>-DFOLLY_HAVE_CLOCK_GETTIME=1</string>
				</array>
				<key>OTHER_LDFLAGS</key>
				<string>$(inherited)  </string>
				<key>PRODUCT_BUNDLE_IDENTIFIER</key>
				<string>com.hcjworld.hbti</string>
				<key>PRODUCT_NAME</key>
				<string>HBTI</string>
				<key>PROVISIONING_PROFILE_SPECIFIER</key>
				<string></string>
				<key>REACT_NATIVE_PATH</key>
				<string>${PODS_ROOT}/../../node_modules/react-native</string>
				<key>SDKROOT</key>
				<string>iphoneos</string>
				<key>SWIFT_EMIT_LOC_STRINGS</key>
				<string>YES</string>
				<key>SWIFT_VERSION</key>
				<string>5.0</string>
				<key>TARGETED_DEVICE_FAMILY</key>
				<string>1,2</string>
				<key>USE_HERMES</key>
				<string>false</string>
				<key>VALIDATE_PRODUCT</key>
				<string>YES</string>
			</dict>
			<key>isa</key>
			<string>XCBuildConfiguration</string>
			<key>name</key>
			<string>Release</string>
		</dict>
		<key>989F571714E14837BB77193A</key>
		<dict>
			<key>fileRef</key>
			<string>C6AABDB185CE4D389D098263</string>
			<key>isa</key>
			<string>PBXBuildFile</string>
		</dict>
		<key>A12FC4F4131C4B1C8F22EEEA</key>
		<dict>
			<key>fileRef</key>
			<string>A237C51ECD48421EA8E8034D</string>
			<key>isa</key>
			<string>PBXBuildFile</string>
		</dict>
		<key>A237C51ECD48421EA8E8034D</key>
		<dict>
			<key>isa</key>
			<string>PBXFileReference</string>
			<key>lastKnownFileType</key>
			<string>text.json</string>
			<key>path</key>
			<string>HBTI/Resources/QuestionBanks/questions_93.json</string>
			<key>sourceTree</key>
			<string>SOURCE_ROOT</string>
		</dict>
		<key>A5746CFC2FF3E8D900052177</key>
		<dict>
			<key>children</key>
			<array/>
			<key>isa</key>
			<string>PBXGroup</string>
			<key>name</key>
			<string>Recovered References</string>
			<key>sourceTree</key>
			<string>&lt;group&gt;</string>
		</dict>
		<key>A7FB7D192D6F4AEFA6B8B48E</key>
		<dict>
			<key>fileRef</key>
			<string>79C4A4BAF0C3426DB5933455</string>
			<key>isa</key>
			<string>PBXBuildFile</string>
		</dict>
		<key>B5BE3FE665FA44BAB8367B59</key>
		<dict>
			<key>fileRef</key>
			<string>1F0977854DF64B9EA018F139</string>
			<key>isa</key>
			<string>PBXBuildFile</string>
		</dict>
		<key>B99999B27AE1432BB30A1830</key>
		<dict>
			<key>fileRef</key>
			<string>BD7660043EC8492395B0FC61</string>
			<key>isa</key>
			<string>PBXBuildFile</string>
		</dict>
		<key>BA3DB728415947C587E42632</key>
		<dict>
			<key>fileRef</key>
			<string>4C0222DF20A74E8E8CBB8D9E</string>
			<key>isa</key>
			<string>PBXBuildFile</string>
		</dict>
		<key>BBD78D7AC51CEA395F1C20DB</key>
		<dict>
			<key>children</key>
			<array/>
			<key>isa</key>
			<string>PBXGroup</string>
			<key>path</key>
			<string>Pods</string>
			<key>sourceTree</key>
			<string>&lt;group&gt;</string>
		</dict>
		<key>BD7660043EC8492395B0FC61</key>
		<dict>
			<key>isa</key>
			<string>PBXFileReference</string>
			<key>lastKnownFileType</key>
			<string>sourcecode.swift</string>
			<key>path</key>
			<string>HBTI/App/HBTIApp.swift</string>
			<key>sourceTree</key>
			<string>SOURCE_ROOT</string>
		</dict>
		<key>BD97C24272E9482DAF0B4A67</key>
		<dict>
			<key>isa</key>
			<string>PBXFileReference</string>
			<key>lastKnownFileType</key>
			<string>sourcecode.swift</string>
			<key>path</key>
			<string>HBTI/Models/UserProfile.swift</string>
			<key>sourceTree</key>
			<string>SOURCE_ROOT</string>
		</dict>
		<key>BE1240548F0343FAB9F6D61D</key>
		<dict>
			<key>fileRef</key>
			<string>13C5FAD8E9C74BD8927AAC55</string>
			<key>isa</key>
			<string>PBXBuildFile</string>
		</dict>
		<key>C2A4376DB6C84007AD0FEE05</key>
		<dict>
			<key>fileRef</key>
			<string>BD97C24272E9482DAF0B4A67</string>
			<key>isa</key>
			<string>PBXBuildFile</string>
		</dict>
		<key>C6AABDB185CE4D389D098263</key>
		<dict>
			<key>isa</key>
			<string>PBXFileReference</string>
			<key>lastKnownFileType</key>
			<string>sourcecode.swift</string>
			<key>path</key>
			<string>HBTI/Models/TestResult.swift</string>
			<key>sourceTree</key>
			<string>SOURCE_ROOT</string>
		</dict>
		<key>CDE4EE6010554917B69F8C2D</key>
		<dict>
			<key>fileRef</key>
			<string>DA6490A5AFB34181AB3111B8</string>
			<key>isa</key>
			<string>PBXBuildFile</string>
		</dict>
		<key>D0AF1B9276F14B3C83A0EE16</key>
		<dict>
			<key>fileRef</key>
			<string>176364CBD99142F499E424A0</string>
			<key>isa</key>
			<string>PBXBuildFile</string>
		</dict>
		<key>D4FF13B3AFDA4F17ABDDC03C</key>
		<dict>
			<key>isa</key>
			<string>PBXFileReference</string>
			<key>lastKnownFileType</key>
			<string>sourcecode.swift</string>
			<key>path</key>
			<string>HBTI/Views/PrivacyConsentView.swift</string>
			<key>sourceTree</key>
			<string>SOURCE_ROOT</string>
		</dict>
		<key>D6F8EE67F654477A91B7A2BC</key>
		<dict>
			<key>isa</key>
			<string>PBXFileReference</string>
			<key>lastKnownFileType</key>
			<string>sourcecode.swift</string>
			<key>path</key>
			<string>HBTI/Views/ShareCardView.swift</string>
			<key>sourceTree</key>
			<string>SOURCE_ROOT</string>
		</dict>
		<key>DA6490A5AFB34181AB3111B8</key>
		<dict>
			<key>isa</key>
			<string>PBXFileReference</string>
			<key>lastKnownFileType</key>
			<string>sourcecode.swift</string>
			<key>path</key>
			<string>HBTI/Views/HistoryView.swift</string>
			<key>sourceTree</key>
			<string>SOURCE_ROOT</string>
		</dict>
		<key>E322F61C00EC485EA9E8C19E</key>
		<dict>
			<key>isa</key>
			<string>PBXFileReference</string>
			<key>lastKnownFileType</key>
			<string>sourcecode.swift</string>
			<key>path</key>
			<string>HBTI/Models/PersonalityDimension.swift</string>
			<key>sourceTree</key>
			<string>SOURCE_ROOT</string>
		</dict>
		<key>EAC9D2C065574E33BE12E0E0</key>
		<dict>
			<key>isa</key>
			<string>PBXFileReference</string>
			<key>lastKnownFileType</key>
			<string>sourcecode.swift</string>
			<key>path</key>
			<string>HBTI/Services/PersistenceManager.swift</string>
			<key>sourceTree</key>
			<string>SOURCE_ROOT</string>
		</dict>
		<key>ED297162215061F000B7C4FE</key>
		<dict>
			<key>isa</key>
			<string>PBXFileReference</string>
			<key>lastKnownFileType</key>
			<string>wrapper.framework</string>
			<key>name</key>
			<string>JavaScriptCore.framework</string>
			<key>path</key>
			<string>System/Library/Frameworks/JavaScriptCore.framework</string>
			<key>sourceTree</key>
			<string>SDKROOT</string>
		</dict>
		<key>F2C100BBAFC54F62A0254BCC</key>
		<dict>
			<key>isa</key>
			<string>PBXFileReference</string>
			<key>lastKnownFileType</key>
			<string>text.json</string>
			<key>path</key>
			<string>HBTI/Resources/QuestionBanks/questions_28.json</string>
			<key>sourceTree</key>
			<string>SOURCE_ROOT</string>
		</dict>
	</dict>
	<key>rootObject</key>
	<string>83CBB9F71A601CBA00E9B192</string>
</dict>
</plist>
